
Microsoft Visual Studio Solution File, Format Version 12.00
# Visual Studio Version 17
VisualStudioVersion = 17.11.35219.272
MinimumVisualStudioVersion = 10.0.40219.1
Project("{2150E333-8FDC-42A3-9474-1A3956D46DE8}") = "Backend", "Backend", "{0061BE88-18F3-4A98-9FFE-71D017338101}"
EndProject
Project("{2150E333-8FDC-42A3-9474-1A3956D46DE8}") = "Frontend", "Frontend", "{C90D1C5B-FC52-426A-9A0E-51CEDBE09D79}"
EndProject
Project("{9A19103F-16F7-4668-BE54-9A1E7A4F7556}") = "MyPortfolio.WebApi", "Backend\MyPortfolio.WebApi\MyPortfolio.WebApi.csproj", "{3C38F6BD-F306-4CB4-80C3-164FFC8FD864}"
EndProject
Project("{9A19103F-16F7-4668-BE54-9A1E7A4F7556}") = "Portfolio.WebUI", "Frontend\Portfolio.WebUI\Portfolio.WebUI.csproj", "{92763589-DF3B-40BC-BC11-D00B4E33D971}"
EndProject
Project("{9A19103F-16F7-4668-BE54-9A1E7A4F7556}") = "Portfolio.DtoLayer", "fronend\Portfolio.DtoLayer\Portfolio.DtoLayer.csproj", "{75DF9660-2FF1-4F15-BE91-9508C3BA3F22}"
EndProject
Project("{2150E333-8FDC-42A3-9474-1A3956D46DE8}") = "ApiGateway", "ApiGateway", "{BAE37C73-2352-4579-A5D1-87A977A7D07E}"
EndProject
Project("{9A19103F-16F7-4668-BE54-9A1E7A4F7556}") = "Portfolio.OcelotGateway", "ApiGateway\Portfolio.OcelotGateway\Portfolio.OcelotGateway.csproj", "{46DF9A54-B8E8-4ADC-B25C-ABFF4B21FB8E}"
EndProject
Global
	GlobalSection(SolutionConfigurationPlatforms) = preSolution
		Debug|Any CPU = Debug|Any CPU
		Release|Any CPU = Release|Any CPU
	EndGlobalSection
	GlobalSection(ProjectConfigurationPlatforms) = postSolution
		{3C38F6BD-F306-4CB4-80C3-164FFC8FD864}.Debug|Any CPU.ActiveCfg = Debug|Any CPU
		{3C38F6BD-F306-4CB4-80C3-164FFC8FD864}.Debug|Any CPU.Build.0 = Debug|Any CPU
		{3C38F6BD-F306-4CB4-80C3-164FFC8FD864}.Release|Any CPU.ActiveCfg = Release|Any CPU
		{3C38F6BD-F306-4CB4-80C3-164FFC8FD864}.Release|Any CPU.Build.0 = Release|Any CPU
		{92763589-DF3B-40BC-BC11-D00B4E33D971}.Debug|Any CPU.ActiveCfg = Debug|Any CPU
		{92763589-DF3B-40BC-BC11-D00B4E33D971}.Debug|Any CPU.Build.0 = Debug|Any CPU
		{92763589-DF3B-40BC-BC11-D00B4E33D971}.Release|Any CPU.ActiveCfg = Release|Any CPU
		{92763589-DF3B-40BC-BC11-D00B4E33D971}.Release|Any CPU.Build.0 = Release|Any CPU
		{75DF9660-2FF1-4F15-BE91-9508C3BA3F22}.Debug|Any CPU.ActiveCfg = Debug|Any CPU
		{75DF9660-2FF1-4F15-BE91-9508C3BA3F22}.Debug|Any CPU.Build.0 = Debug|Any CPU
		{75DF9660-2FF1-4F15-BE91-9508C3BA3F22}.Release|Any CPU.ActiveCfg = Release|Any CPU
		{75DF9660-2FF1-4F15-BE91-9508C3BA3F22}.Release|Any CPU.Build.0 = Release|Any CPU
		{46DF9A54-B8E8-4ADC-B25C-ABFF4B21FB8E}.Debug|Any CPU.ActiveCfg = Debug|Any CPU
		{46DF9A54-B8E8-4ADC-B25C-ABFF4B21FB8E}.Debug|Any CPU.Build.0 = Debug|Any CPU
		{46DF9A54-B8E8-4ADC-B25C-ABFF4B21FB8E}.Release|Any CPU.ActiveCfg = Release|Any CPU
		{46DF9A54-B8E8-4ADC-B25C-ABFF4B21FB8E}.Release|Any CPU.Build.0 = Release|Any CPU
	EndGlobalSection
	GlobalSection(SolutionProperties) = preSolution
		HideSolutionNode = FALSE
	EndGlobalSection
	GlobalSection(NestedProjects) = preSolution
		{3C38F6BD-F306-4CB4-80C3-164FFC8FD864} = {0061BE88-18F3-4A98-9FFE-71D017338101}
		{92763589-DF3B-40BC-BC11-D00B4E33D971} = {C90D1C5B-FC52-426A-9A0E-51CEDBE09D79}
		{75DF9660-2FF1-4F15-BE91-9508C3BA3F22} = {C90D1C5B-FC52-426A-9A0E-51CEDBE09D79}
		{46DF9A54-B8E8-4ADC-B25C-ABFF4B21FB8E} = {BAE37C73-2352-4579-A5D1-87A977A7D07E}
	EndGlobalSection
	GlobalSection(ExtensibilityGlobals) = postSolution
		SolutionGuid = {2FF25BF3-5807-482F-9BF7-0A6807309A6B}
	EndGlobalSection
EndGlobal
